
Microsoft Visual Studio Solution File, Format Version 12.00
Project("{2150E333-8FDC-42A3-9474-1A3956D46DE8}") = "Solution Items", "Solution Items", "{28107316-B0FA-45FD-B62C-6A7BDB53861A}"
	ProjectSection(SolutionItems) = preProject
		docker-compose.yaml = docker-compose.yaml
	EndProjectSection
EndProject
Project("{2150E333-8FDC-42A3-9474-1A3956D46DE8}") = "Identity", "Identity", "{22C0B5A3-AB38-43A1-B4A9-D363AEDA1954}"
EndProject
Project("{2150E333-8FDC-42A3-9474-1A3956D46DE8}") = "Schedule", "Schedule", "{86E4D8C9-F8B8-4690-A409-C889F10D4E44}"
EndProject
Project("{2150E333-8FDC-42A3-9474-1A3956D46DE8}") = "Shared", "Shared", "{60700355-FEA6-4338-92F4-2D964ACFF249}"
EndProject
Project("{2150E333-8FDC-42A3-9474-1A3956D46DE8}") = "App", "App", "{069ED875-7F0B-4D6D-B9C8-E81F55B6863D}"
EndProject
Project("{2150E333-8FDC-42A3-9474-1A3956D46DE8}") = "App", "App", "{8C637CAA-B4DE-4AFC-9474-11759FB25A1B}"
EndProject
Project("{2150E333-8FDC-42A3-9474-1A3956D46DE8}") = "Data", "Data", "{BD40640E-7552-453B-9BE2-131E408557AA}"
EndProject
Project("{2150E333-8FDC-42A3-9474-1A3956D46DE8}") = "Data", "Data", "{70753968-0FC9-4CF9-AAF9-532338485B47}"
EndProject
Project("{2150E333-8FDC-42A3-9474-1A3956D46DE8}") = "Domain", "Domain", "{9E8BBEF7-62B3-47C9-B9E9-F6DD5AC95807}"
EndProject
Project("{2150E333-8FDC-42A3-9474-1A3956D46DE8}") = "Domain", "Domain", "{84435F4D-C659-49E1-95BD-6DEF74E8FF66}"
EndProject
Project("{2150E333-8FDC-42A3-9474-1A3956D46DE8}") = "Shared", "Shared", "{C061479E-9137-4DA8-A502-FBA55A7E6CBF}"
EndProject
Project("{2150E333-8FDC-42A3-9474-1A3956D46DE8}") = "Shared", "Shared", "{493BA8FF-D52D-4EE7-824B-1FB8614C5C7E}"
EndProject
Project("{FAE04EC0-301F-11D3-BF4B-00C04F79EFBC}") = "UniSchedule.Schedule.Api", "src\Schedule\App\UniSchedule.Schedule.Api\UniSchedule.Schedule.Api.csproj", "{F1D7D616-E3C5-40A2-B148-DECEF968D384}"
EndProject
Project("{FAE04EC0-301F-11D3-BF4B-00C04F79EFBC}") = "UniSchedule.Extensions.DI", "src\Shared\UniSchedule.Extensions.DI\UniSchedule.Extensions.DI.csproj", "{00996570-C359-4AA6-8E70-0D5B606DB1B1}"
EndProject
Project("{FAE04EC0-301F-11D3-BF4B-00C04F79EFBC}") = "UniSchedule.Identity.Api", "src\Identity\App\UniSchedule.Identity.Api\UniSchedule.Identity.Api.csproj", "{14564B35-40D7-4163-ACD6-579133E58020}"
EndProject
Project("{FAE04EC0-301F-11D3-BF4B-00C04F79EFBC}") = "UniSchedule.Identity.Database", "src\Identity\Data\UniSchedule.Identity.Database\UniSchedule.Identity.Database.csproj", "{7C5A21E4-DBF2-4F1B-8C4B-0D776BDF2961}"
EndProject
Project("{FAE04EC0-301F-11D3-BF4B-00C04F79EFBC}") = "UniSchedule.Identity.Entities", "src\Identity\Data\UniSchedule.Identity.Entities\UniSchedule.Identity.Entities.csproj", "{EE3F2E08-FD35-4801-B573-ADDFB70FF719}"
EndProject
Project("{FAE04EC0-301F-11D3-BF4B-00C04F79EFBC}") = "UniSchedule.Identity.Commands", "src\Identity\Domain\UniSchedule.Identity.Commands\UniSchedule.Identity.Commands.csproj", "{C2FD7E0C-3CAF-4C7A-A446-F17C0841090B}"
EndProject
Project("{FAE04EC0-301F-11D3-BF4B-00C04F79EFBC}") = "UniSchedule.Identity.Queries", "src\Identity\Domain\UniSchedule.Identity.Queries\UniSchedule.Identity.Queries.csproj", "{6FE37B3D-5686-4CA1-9AF4-16659C79D9B6}"
EndProject
Project("{FAE04EC0-301F-11D3-BF4B-00C04F79EFBC}") = "UniSchedule.Identity.DTO", "src\Identity\Shared\UniSchedule.Identity.DTO\UniSchedule.Identity.DTO.csproj", "{EEB1B17F-F47C-4311-8793-70E346B52C7E}"
EndProject
Project("{FAE04EC0-301F-11D3-BF4B-00C04F79EFBC}") = "UniSchedule.Schedule.Database", "src\Schedule\Data\UniSchedule.Schedule.Database\UniSchedule.Schedule.Database.csproj", "{53B46B89-BD2B-4FFD-8EA7-A0679E48737F}"
EndProject
Project("{FAE04EC0-301F-11D3-BF4B-00C04F79EFBC}") = "UniSchedule.Schedule.Entities", "src\Schedule\Data\UniSchedule.Schedule.Entities\UniSchedule.Schedule.Entities.csproj", "{EE54BF96-533F-42F1-9351-8864DFD77DE2}"
EndProject
Project("{FAE04EC0-301F-11D3-BF4B-00C04F79EFBC}") = "UniSchedule.Schedule.Commands", "src\Schedule\Domain\UniSchedule.Schedule.Commands\UniSchedule.Schedule.Commands.csproj", "{CB164E2B-0C3A-49CD-8336-27204D180052}"
EndProject
Project("{FAE04EC0-301F-11D3-BF4B-00C04F79EFBC}") = "UniSchedule.Schedule.Queries", "src\Schedule\Domain\UniSchedule.Schedule.Queries\UniSchedule.Schedule.Queries.csproj", "{712AAD89-B7DA-4B53-A427-73AB6A6AD7E5}"
EndProject
Project("{FAE04EC0-301F-11D3-BF4B-00C04F79EFBC}") = "UniSchedule.Shared.DTO", "src\Schedule\Shared\UniSchedule.Shared.DTO\UniSchedule.Shared.DTO.csproj", "{6BBFA0B8-587A-4B85-947A-A2F9A8E917F5}"
EndProject
Project("{FAE04EC0-301F-11D3-BF4B-00C04F79EFBC}") = "UniSchedule.Extensions", "src\Shared\UniSchedule.Extensions\UniSchedule.Extensions.csproj", "{1C05531E-CE69-4B23-A005-C93F8BFB0E56}"
EndProject
Project("{2150E333-8FDC-42A3-9474-1A3956D46DE8}") = "github", "github", "{96EEEC41-AA47-457E-B63E-BCF5B7DA4E3E}"
EndProject
Project("{2150E333-8FDC-42A3-9474-1A3956D46DE8}") = "workflows", "workflows", "{C6BCE01C-7550-4195-85CC-FD439AF169B8}"
	ProjectSection(SolutionItems) = preProject
		.github\workflows\release-staging.yml = .github\workflows\release-staging.yml
	EndProjectSection
EndProject
Project("{FAE04EC0-301F-11D3-BF4B-00C04F79EFBC}") = "UniSchedule.Abstractions.Entities", "src\Shared\UniSchedule.Abstractions.Entities\UniSchedule.Abstractions.Entities.csproj", "{0CEA0499-D98B-4841-8BEB-31A53177289B}"
EndProject
Project("{FAE04EC0-301F-11D3-BF4B-00C04F79EFBC}") = "UniSchedule.Extensions.Helpers", "src\Shared\UniSchedule.Extensions.Helpers\UniSchedule.Extensions.Helpers.csproj", "{CA6123ED-9B4B-41D8-BC72-A57FAD073756}"
EndProject
Global
	GlobalSection(SolutionConfigurationPlatforms) = preSolution
		Debug|Any CPU = Debug|Any CPU
		Release|Any CPU = Release|Any CPU
	EndGlobalSection
	GlobalSection(ProjectConfigurationPlatforms) = postSolution
		{F1D7D616-E3C5-40A2-B148-DECEF968D384}.Debug|Any CPU.ActiveCfg = Debug|Any CPU
		{F1D7D616-E3C5-40A2-B148-DECEF968D384}.Debug|Any CPU.Build.0 = Debug|Any CPU
		{F1D7D616-E3C5-40A2-B148-DECEF968D384}.Release|Any CPU.ActiveCfg = Release|Any CPU
		{F1D7D616-E3C5-40A2-B148-DECEF968D384}.Release|Any CPU.Build.0 = Release|Any CPU
		{00996570-C359-4AA6-8E70-0D5B606DB1B1}.Debug|Any CPU.ActiveCfg = Debug|Any CPU
		{00996570-C359-4AA6-8E70-0D5B606DB1B1}.Debug|Any CPU.Build.0 = Debug|Any CPU
		{00996570-C359-4AA6-8E70-0D5B606DB1B1}.Release|Any CPU.ActiveCfg = Release|Any CPU
		{00996570-C359-4AA6-8E70-0D5B606DB1B1}.Release|Any CPU.Build.0 = Release|Any CPU
		{14564B35-40D7-4163-ACD6-579133E58020}.Debug|Any CPU.ActiveCfg = Debug|Any CPU
		{14564B35-40D7-4163-ACD6-579133E58020}.Debug|Any CPU.Build.0 = Debug|Any CPU
		{14564B35-40D7-4163-ACD6-579133E58020}.Release|Any CPU.ActiveCfg = Release|Any CPU
		{14564B35-40D7-4163-ACD6-579133E58020}.Release|Any CPU.Build.0 = Release|Any CPU
		{7C5A21E4-DBF2-4F1B-8C4B-0D776BDF2961}.Debug|Any CPU.ActiveCfg = Debug|Any CPU
		{7C5A21E4-DBF2-4F1B-8C4B-0D776BDF2961}.Debug|Any CPU.Build.0 = Debug|Any CPU
		{7C5A21E4-DBF2-4F1B-8C4B-0D776BDF2961}.Release|Any CPU.ActiveCfg = Release|Any CPU
		{7C5A21E4-DBF2-4F1B-8C4B-0D776BDF2961}.Release|Any CPU.Build.0 = Release|Any CPU
		{EE3F2E08-FD35-4801-B573-ADDFB70FF719}.Debug|Any CPU.ActiveCfg = Debug|Any CPU
		{EE3F2E08-FD35-4801-B573-ADDFB70FF719}.Debug|Any CPU.Build.0 = Debug|Any CPU
		{EE3F2E08-FD35-4801-B573-ADDFB70FF719}.Release|Any CPU.ActiveCfg = Release|Any CPU
		{EE3F2E08-FD35-4801-B573-ADDFB70FF719}.Release|Any CPU.Build.0 = Release|Any CPU
		{C2FD7E0C-3CAF-4C7A-A446-F17C0841090B}.Debug|Any CPU.ActiveCfg = Debug|Any CPU
		{C2FD7E0C-3CAF-4C7A-A446-F17C0841090B}.Debug|Any CPU.Build.0 = Debug|Any CPU
		{C2FD7E0C-3CAF-4C7A-A446-F17C0841090B}.Release|Any CPU.ActiveCfg = Release|Any CPU
		{C2FD7E0C-3CAF-4C7A-A446-F17C0841090B}.Release|Any CPU.Build.0 = Release|Any CPU
		{6FE37B3D-5686-4CA1-9AF4-16659C79D9B6}.Debug|Any CPU.ActiveCfg = Debug|Any CPU
		{6FE37B3D-5686-4CA1-9AF4-16659C79D9B6}.Debug|Any CPU.Build.0 = Debug|Any CPU
		{6FE37B3D-5686-4CA1-9AF4-16659C79D9B6}.Release|Any CPU.ActiveCfg = Release|Any CPU
		{6FE37B3D-5686-4CA1-9AF4-16659C79D9B6}.Release|Any CPU.Build.0 = Release|Any CPU
		{EEB1B17F-F47C-4311-8793-70E346B52C7E}.Debug|Any CPU.ActiveCfg = Debug|Any CPU
		{EEB1B17F-F47C-4311-8793-70E346B52C7E}.Debug|Any CPU.Build.0 = Debug|Any CPU
		{EEB1B17F-F47C-4311-8793-70E346B52C7E}.Release|Any CPU.ActiveCfg = Release|Any CPU
		{EEB1B17F-F47C-4311-8793-70E346B52C7E}.Release|Any CPU.Build.0 = Release|Any CPU
		{53B46B89-BD2B-4FFD-8EA7-A0679E48737F}.Debug|Any CPU.ActiveCfg = Debug|Any CPU
		{53B46B89-BD2B-4FFD-8EA7-A0679E48737F}.Debug|Any CPU.Build.0 = Debug|Any CPU
		{53B46B89-BD2B-4FFD-8EA7-A0679E48737F}.Release|Any CPU.ActiveCfg = Release|Any CPU
		{53B46B89-BD2B-4FFD-8EA7-A0679E48737F}.Release|Any CPU.Build.0 = Release|Any CPU
		{EE54BF96-533F-42F1-9351-8864DFD77DE2}.Debug|Any CPU.ActiveCfg = Debug|Any CPU
		{EE54BF96-533F-42F1-9351-8864DFD77DE2}.Debug|Any CPU.Build.0 = Debug|Any CPU
		{EE54BF96-533F-42F1-9351-8864DFD77DE2}.Release|Any CPU.ActiveCfg = Release|Any CPU
		{EE54BF96-533F-42F1-9351-8864DFD77DE2}.Release|Any CPU.Build.0 = Release|Any CPU
		{CB164E2B-0C3A-49CD-8336-27204D180052}.Debug|Any CPU.ActiveCfg = Debug|Any CPU
		{CB164E2B-0C3A-49CD-8336-27204D180052}.Debug|Any CPU.Build.0 = Debug|Any CPU
		{CB164E2B-0C3A-49CD-8336-27204D180052}.Release|Any CPU.ActiveCfg = Release|Any CPU
		{CB164E2B-0C3A-49CD-8336-27204D180052}.Release|Any CPU.Build.0 = Release|Any CPU
		{712AAD89-B7DA-4B53-A427-73AB6A6AD7E5}.Debug|Any CPU.ActiveCfg = Debug|Any CPU
		{712AAD89-B7DA-4B53-A427-73AB6A6AD7E5}.Debug|Any CPU.Build.0 = Debug|Any CPU
		{712AAD89-B7DA-4B53-A427-73AB6A6AD7E5}.Release|Any CPU.ActiveCfg = Release|Any CPU
		{712AAD89-B7DA-4B53-A427-73AB6A6AD7E5}.Release|Any CPU.Build.0 = Release|Any CPU
		{6BBFA0B8-587A-4B85-947A-A2F9A8E917F5}.Debug|Any CPU.ActiveCfg = Debug|Any CPU
		{6BBFA0B8-587A-4B85-947A-A2F9A8E917F5}.Debug|Any CPU.Build.0 = Debug|Any CPU
		{6BBFA0B8-587A-4B85-947A-A2F9A8E917F5}.Release|Any CPU.ActiveCfg = Release|Any CPU
		{6BBFA0B8-587A-4B85-947A-A2F9A8E917F5}.Release|Any CPU.Build.0 = Release|Any CPU
		{1C05531E-CE69-4B23-A005-C93F8BFB0E56}.Debug|Any CPU.ActiveCfg = Debug|Any CPU
		{1C05531E-CE69-4B23-A005-C93F8BFB0E56}.Debug|Any CPU.Build.0 = Debug|Any CPU
		{1C05531E-CE69-4B23-A005-C93F8BFB0E56}.Release|Any CPU.ActiveCfg = Release|Any CPU
		{1C05531E-CE69-4B23-A005-C93F8BFB0E56}.Release|Any CPU.Build.0 = Release|Any CPU
		{0CEA0499-D98B-4841-8BEB-31A53177289B}.Debug|Any CPU.ActiveCfg = Debug|Any CPU
		{0CEA0499-D98B-4841-8BEB-31A53177289B}.Debug|Any CPU.Build.0 = Debug|Any CPU
		{0CEA0499-D98B-4841-8BEB-31A53177289B}.Release|Any CPU.ActiveCfg = Release|Any CPU
		{0CEA0499-D98B-4841-8BEB-31A53177289B}.Release|Any CPU.Build.0 = Release|Any CPU
		{CA6123ED-9B4B-41D8-BC72-A57FAD073756}.Debug|Any CPU.ActiveCfg = Debug|Any CPU
		{CA6123ED-9B4B-41D8-BC72-A57FAD073756}.Debug|Any CPU.Build.0 = Debug|Any CPU
		{CA6123ED-9B4B-41D8-BC72-A57FAD073756}.Release|Any CPU.ActiveCfg = Release|Any CPU
		{CA6123ED-9B4B-41D8-BC72-A57FAD073756}.Release|Any CPU.Build.0 = Release|Any CPU
	EndGlobalSection
	GlobalSection(NestedProjects) = preSolution
		{00996570-C359-4AA6-8E70-0D5B606DB1B1} = {60700355-FEA6-4338-92F4-2D964ACFF249}
		{069ED875-7F0B-4D6D-B9C8-E81F55B6863D} = {86E4D8C9-F8B8-4690-A409-C889F10D4E44}
		{F1D7D616-E3C5-40A2-B148-DECEF968D384} = {069ED875-7F0B-4D6D-B9C8-E81F55B6863D}
		{8C637CAA-B4DE-4AFC-9474-11759FB25A1B} = {22C0B5A3-AB38-43A1-B4A9-D363AEDA1954}
		{BD40640E-7552-453B-9BE2-131E408557AA} = {22C0B5A3-AB38-43A1-B4A9-D363AEDA1954}
		{70753968-0FC9-4CF9-AAF9-532338485B47} = {86E4D8C9-F8B8-4690-A409-C889F10D4E44}
		{9E8BBEF7-62B3-47C9-B9E9-F6DD5AC95807} = {22C0B5A3-AB38-43A1-B4A9-D363AEDA1954}
		{84435F4D-C659-49E1-95BD-6DEF74E8FF66} = {86E4D8C9-F8B8-4690-A409-C889F10D4E44}
		{C061479E-9137-4DA8-A502-FBA55A7E6CBF} = {22C0B5A3-AB38-43A1-B4A9-D363AEDA1954}
		{493BA8FF-D52D-4EE7-824B-1FB8614C5C7E} = {86E4D8C9-F8B8-4690-A409-C889F10D4E44}
		{14564B35-40D7-4163-ACD6-579133E58020} = {8C637CAA-B4DE-4AFC-9474-11759FB25A1B}
		{7C5A21E4-DBF2-4F1B-8C4B-0D776BDF2961} = {BD40640E-7552-453B-9BE2-131E408557AA}
		{EE3F2E08-FD35-4801-B573-ADDFB70FF719} = {BD40640E-7552-453B-9BE2-131E408557AA}
		{C2FD7E0C-3CAF-4C7A-A446-F17C0841090B} = {9E8BBEF7-62B3-47C9-B9E9-F6DD5AC95807}
		{6FE37B3D-5686-4CA1-9AF4-16659C79D9B6} = {9E8BBEF7-62B3-47C9-B9E9-F6DD5AC95807}
		{EEB1B17F-F47C-4311-8793-70E346B52C7E} = {C061479E-9137-4DA8-A502-FBA55A7E6CBF}
		{53B46B89-BD2B-4FFD-8EA7-A0679E48737F} = {70753968-0FC9-4CF9-AAF9-532338485B47}
		{EE54BF96-533F-42F1-9351-8864DFD77DE2} = {70753968-0FC9-4CF9-AAF9-532338485B47}
		{CB164E2B-0C3A-49CD-8336-27204D180052} = {84435F4D-C659-49E1-95BD-6DEF74E8FF66}
		{712AAD89-B7DA-4B53-A427-73AB6A6AD7E5} = {84435F4D-C659-49E1-95BD-6DEF74E8FF66}
		{6BBFA0B8-587A-4B85-947A-A2F9A8E917F5} = {493BA8FF-D52D-4EE7-824B-1FB8614C5C7E}
		{1C05531E-CE69-4B23-A005-C93F8BFB0E56} = {60700355-FEA6-4338-92F4-2D964ACFF249}
		{96EEEC41-AA47-457E-B63E-BCF5B7DA4E3E} = {28107316-B0FA-45FD-B62C-6A7BDB53861A}
		{C6BCE01C-7550-4195-85CC-FD439AF169B8} = {96EEEC41-AA47-457E-B63E-BCF5B7DA4E3E}
		{0CEA0499-D98B-4841-8BEB-31A53177289B} = {60700355-FEA6-4338-92F4-2D964ACFF249}
		{CA6123ED-9B4B-41D8-BC72-A57FAD073756} = {60700355-FEA6-4338-92F4-2D964ACFF249}
	EndGlobalSection
EndGlobal
