
Microsoft Visual Studio Solution File, Format Version 12.00
Project("{2150E333-8FDC-42A3-9474-1A3956D46DE8}") = "Solution Items", "Solution Items", "{28107316-B0FA-45FD-B62C-6A7BDB53861A}"
	ProjectSection(SolutionItems) = preProject
		docker-compose.yaml = docker-compose.yaml
	EndProjectSection
EndProject
Project("{2150E333-8FDC-42A3-9474-1A3956D46DE8}") = "1 - Identity", "1 - Identity", "{22C0B5A3-AB38-43A1-B4A9-D363AEDA1954}"
EndProject
Project("{2150E333-8FDC-42A3-9474-1A3956D46DE8}") = "3 - Schedule", "3 - Schedule", "{86E4D8C9-F8B8-4690-A409-C889F10D4E44}"
EndProject
Project("{2150E333-8FDC-42A3-9474-1A3956D46DE8}") = "Shared", "Shared", "{60700355-FEA6-4338-92F4-2D964ACFF249}"
EndProject
Project("{2150E333-8FDC-42A3-9474-1A3956D46DE8}") = "App", "App", "{069ED875-7F0B-4D6D-B9C8-E81F55B6863D}"
EndProject
Project("{2150E333-8FDC-42A3-9474-1A3956D46DE8}") = "App", "App", "{8C637CAA-B4DE-4AFC-9474-11759FB25A1B}"
EndProject
Project("{2150E333-8FDC-42A3-9474-1A3956D46DE8}") = "Data", "Data", "{BD40640E-7552-453B-9BE2-131E408557AA}"
EndProject
Project("{2150E333-8FDC-42A3-9474-1A3956D46DE8}") = "Data", "Data", "{70753968-0FC9-4CF9-AAF9-532338485B47}"
EndProject
Project("{2150E333-8FDC-42A3-9474-1A3956D46DE8}") = "Domain", "Domain", "{9E8BBEF7-62B3-47C9-B9E9-F6DD5AC95807}"
EndProject
Project("{2150E333-8FDC-42A3-9474-1A3956D46DE8}") = "Domain", "Domain", "{84435F4D-C659-49E1-95BD-6DEF74E8FF66}"
EndProject
Project("{2150E333-8FDC-42A3-9474-1A3956D46DE8}") = "Shared", "Shared", "{C061479E-9137-4DA8-A502-FBA55A7E6CBF}"
EndProject
Project("{2150E333-8FDC-42A3-9474-1A3956D46DE8}") = "Shared", "Shared", "{493BA8FF-D52D-4EE7-824B-1FB8614C5C7E}"
EndProject
Project("{FAE04EC0-301F-11D3-BF4B-00C04F79EFBC}") = "UniSchedule.Schedule.Api", "src\Schedule\App\UniSchedule.Schedule.Api\UniSchedule.Schedule.Api.csproj", "{F1D7D616-E3C5-40A2-B148-DECEF968D384}"
EndProject
Project("{FAE04EC0-301F-11D3-BF4B-00C04F79EFBC}") = "UniSchedule.Extensions.DI", "src\Shared\UniSchedule.Extensions.DI\UniSchedule.Extensions.DI.csproj", "{00996570-C359-4AA6-8E70-0D5B606DB1B1}"
EndProject
Project("{FAE04EC0-301F-11D3-BF4B-00C04F79EFBC}") = "UniSchedule.Identity.Api", "src\Identity\App\UniSchedule.Identity.Api\UniSchedule.Identity.Api.csproj", "{14564B35-40D7-4163-ACD6-579133E58020}"
EndProject
Project("{FAE04EC0-301F-11D3-BF4B-00C04F79EFBC}") = "UniSchedule.Identity.Database", "src\Identity\Data\UniSchedule.Identity.Database\UniSchedule.Identity.Database.csproj", "{7C5A21E4-DBF2-4F1B-8C4B-0D776BDF2961}"
EndProject
Project("{FAE04EC0-301F-11D3-BF4B-00C04F79EFBC}") = "UniSchedule.Identity.Entities", "src\Identity\Data\UniSchedule.Identity.Entities\UniSchedule.Identity.Entities.csproj", "{EE3F2E08-FD35-4801-B573-ADDFB70FF719}"
EndProject
Project("{FAE04EC0-301F-11D3-BF4B-00C04F79EFBC}") = "UniSchedule.Identity.Commands", "src\Identity\Domain\UniSchedule.Identity.Commands\UniSchedule.Identity.Commands.csproj", "{C2FD7E0C-3CAF-4C7A-A446-F17C0841090B}"
EndProject
Project("{FAE04EC0-301F-11D3-BF4B-00C04F79EFBC}") = "UniSchedule.Identity.Queries", "src\Identity\Domain\UniSchedule.Identity.Queries\UniSchedule.Identity.Queries.csproj", "{6FE37B3D-5686-4CA1-9AF4-16659C79D9B6}"
EndProject
Project("{FAE04EC0-301F-11D3-BF4B-00C04F79EFBC}") = "UniSchedule.Identity.DTO", "src\Identity\Shared\UniSchedule.Identity.DTO\UniSchedule.Identity.DTO.csproj", "{EEB1B17F-F47C-4311-8793-70E346B52C7E}"
EndProject
Project("{FAE04EC0-301F-11D3-BF4B-00C04F79EFBC}") = "UniSchedule.Schedule.Database", "src\Schedule\Data\UniSchedule.Schedule.Database\UniSchedule.Schedule.Database.csproj", "{53B46B89-BD2B-4FFD-8EA7-A0679E48737F}"
EndProject
Project("{FAE04EC0-301F-11D3-BF4B-00C04F79EFBC}") = "UniSchedule.Schedule.Entities", "src\Schedule\Data\UniSchedule.Schedule.Entities\UniSchedule.Schedule.Entities.csproj", "{EE54BF96-533F-42F1-9351-8864DFD77DE2}"
EndProject
Project("{FAE04EC0-301F-11D3-BF4B-00C04F79EFBC}") = "UniSchedule.Schedule.Commands", "src\Schedule\Domain\UniSchedule.Schedule.Commands\UniSchedule.Schedule.Commands.csproj", "{CB164E2B-0C3A-49CD-8336-27204D180052}"
EndProject
Project("{FAE04EC0-301F-11D3-BF4B-00C04F79EFBC}") = "UniSchedule.Schedule.Queries", "src\Schedule\Domain\UniSchedule.Schedule.Queries\UniSchedule.Schedule.Queries.csproj", "{712AAD89-B7DA-4B53-A427-73AB6A6AD7E5}"
EndProject
Project("{FAE04EC0-301F-11D3-BF4B-00C04F79EFBC}") = "UniSchedule.Schedule.DTO", "src\Schedule\Shared\UniSchedule.Schedule.DTO\UniSchedule.Schedule.DTO.csproj", "{6BBFA0B8-587A-4B85-947A-A2F9A8E917F5}"
EndProject
Project("{FAE04EC0-301F-11D3-BF4B-00C04F79EFBC}") = "UniSchedule.Extensions", "src\Shared\UniSchedule.Extensions\UniSchedule.Extensions.csproj", "{1C05531E-CE69-4B23-A005-C93F8BFB0E56}"
EndProject
Project("{2150E333-8FDC-42A3-9474-1A3956D46DE8}") = "github", "github", "{96EEEC41-AA47-457E-B63E-BCF5B7DA4E3E}"
EndProject
Project("{2150E333-8FDC-42A3-9474-1A3956D46DE8}") = "workflows", "workflows", "{C6BCE01C-7550-4195-85CC-FD439AF169B8}"
	ProjectSection(SolutionItems) = preProject
		.github\workflows\release-staging.yml = .github\workflows\release-staging.yml
		.github\workflows\release-production.yml = .github\workflows\release-production.yml
	EndProjectSection
EndProject
Project("{FAE04EC0-301F-11D3-BF4B-00C04F79EFBC}") = "UniSchedule.Abstractions.Entities", "src\Shared\UniSchedule.Abstractions.Entities\UniSchedule.Abstractions.Entities.csproj", "{0CEA0499-D98B-4841-8BEB-31A53177289B}"
EndProject
Project("{FAE04EC0-301F-11D3-BF4B-00C04F79EFBC}") = "UniSchedule.Extensions.Helpers", "src\Shared\UniSchedule.Extensions.Helpers\UniSchedule.Extensions.Helpers.csproj", "{CA6123ED-9B4B-41D8-BC72-A57FAD073756}"
EndProject
Project("{FAE04EC0-301F-11D3-BF4B-00C04F79EFBC}") = "UniSchedule.Identity.Shared", "src\Identity\Shared\UniSchedule.Identity.Shared\UniSchedule.Identity.Shared.csproj", "{28ADFF02-08DC-44E7-95BD-B3C583A66996}"
EndProject
Project("{FAE04EC0-301F-11D3-BF4B-00C04F79EFBC}") = "UniSchedule.Abstractions.Commands", "src\Shared\UniSchedule.Abstractions.Commands\UniSchedule.Abstractions.Commands.csproj", "{C08B3FFB-55A0-402A-946E-F7A801614B2A}"
EndProject
Project("{FAE04EC0-301F-11D3-BF4B-00C04F79EFBC}") = "UniSchedule.Abstractions.Queries", "src\Shared\UniSchedule.Abstractions.Queries\UniSchedule.Abstractions.Queries.csproj", "{81F0E939-BC00-4FD0-A69C-D2B41FF709BA}"
EndProject
Project("{FAE04EC0-301F-11D3-BF4B-00C04F79EFBC}") = "UniSchedule.Abstractions.Helpers", "src\Shared\UniSchedule.Abstractions.Helpers\UniSchedule.Abstractions.Helpers.csproj", "{DCB99BBB-3551-431E-A7C3-B05619435196}"
EndProject
Project("{FAE04EC0-301F-11D3-BF4B-00C04F79EFBC}") = "UniSchedule.Identity.Abstractions.Helpers", "src\Identity\Shared\UniSchedule.Identity.Abstractions.Helpers\UniSchedule.Identity.Abstractions.Helpers.csproj", "{0D66F416-813D-4C89-8193-A690027ED52F}"
EndProject
Project("{2150E333-8FDC-42A3-9474-1A3956D46DE8}") = "2 - Events", "2 - Events", "{75520B69-67E9-4934-B949-F2F911E7BB20}"
EndProject
Project("{2150E333-8FDC-42A3-9474-1A3956D46DE8}") = "App", "App", "{A8D07949-91D7-43AD-B98E-31584A1544A8}"
EndProject
Project("{2150E333-8FDC-42A3-9474-1A3956D46DE8}") = "Data", "Data", "{A2625F8C-CA03-4C67-81E7-9320293F6C72}"
EndProject
Project("{2150E333-8FDC-42A3-9474-1A3956D46DE8}") = "Domain", "Domain", "{99BD3E5C-91D6-4DAC-9A7C-82D5D8BB7D7A}"
EndProject
Project("{2150E333-8FDC-42A3-9474-1A3956D46DE8}") = "Shared", "Shared", "{1E8017FC-F852-4896-BD5A-8001384FB827}"
EndProject
Project("{FAE04EC0-301F-11D3-BF4B-00C04F79EFBC}") = "UniSchedule.Events.Api", "src\Events\App\UniSchedule.Events.Api\UniSchedule.Events.Api.csproj", "{A7807E5E-00B1-43AB-8FBD-236823C0A7D9}"
EndProject
Project("{FAE04EC0-301F-11D3-BF4B-00C04F79EFBC}") = "UniSchedule.Events.Database", "src\Events\Data\UniSchedule.Events.Database\UniSchedule.Events.Database.csproj", "{097E2C07-94BD-4989-BDE9-87DF66F5BE8B}"
EndProject
Project("{FAE04EC0-301F-11D3-BF4B-00C04F79EFBC}") = "UniSchedule.Events.Entities", "src\Events\Data\UniSchedule.Events.Entities\UniSchedule.Events.Entities.csproj", "{904CC908-7178-449B-8F25-E06010D6B28A}"
EndProject
Project("{FAE04EC0-301F-11D3-BF4B-00C04F79EFBC}") = "UniSchedule.Abstractions.Messaging", "src\Shared\UniSchedule.Abstractions.Messaging\UniSchedule.Abstractions.Messaging.csproj", "{340F3317-AC9A-4DF1-841E-C1E1ECED4AB4}"
EndProject
Project("{FAE04EC0-301F-11D3-BF4B-00C04F79EFBC}") = "UniSchedule.Events.Shared", "src\Events\Shared\UniSchedule.Events.Shared\UniSchedule.Events.Shared.csproj", "{EE715C90-3EA5-4271-86FE-27EDB3AF5051}"
EndProject
Project("{FAE04EC0-301F-11D3-BF4B-00C04F79EFBC}") = "UniSchedule.Events.Commands", "src\Events\Domain\UniSchedule.Events.Commands\UniSchedule.Events.Commands.csproj", "{C48D03DE-FA4D-41F7-BE82-93424BC04A3F}"
EndProject
Project("{FAE04EC0-301F-11D3-BF4B-00C04F79EFBC}") = "UniSchedule.Extensions.Collections", "src\Shared\UniSchedule.Extensions.Collections\UniSchedule.Extensions.Collections.csproj", "{7A9A0D12-D3A2-4D11-BD95-2651C8C33FD5}"
EndProject
Project("{FAE04EC0-301F-11D3-BF4B-00C04F79EFBC}") = "UniSchedule.Validation", "src\Shared\UniSchedule.Validation\UniSchedule.Validation.csproj", "{E507BB0E-AD46-4B9A-9D5D-B35F7C9098C8}"
EndProject
Project("{FAE04EC0-301F-11D3-BF4B-00C04F79EFBC}") = "UniSchedule.Identity.Services", "src\Identity\Domain\UniSchedule.Identity.Services\UniSchedule.Identity.Services.csproj", "{0746C9A9-1600-40DB-9EB5-19CC34763D88}"
EndProject
Project("{FAE04EC0-301F-11D3-BF4B-00C04F79EFBC}") = "UniSchedule.Identity.Database.Helpers", "src\Identity\Data\UniSchedule.Identity.Database.Helpers\UniSchedule.Identity.Database.Helpers.csproj", "{E818C072-A479-4876-B667-158DE1C44B35}"
EndProject
Project("{FAE04EC0-301F-11D3-BF4B-00C04F79EFBC}") = "UniSchedule.Events.Database.Helpers", "src\Events\Data\UniSchedule.Events.Database.Helpers\UniSchedule.Events.Database.Helpers.csproj", "{307674F0-2A2F-4977-9302-F1FC6A75A141}"
EndProject
Project("{FAE04EC0-301F-11D3-BF4B-00C04F79EFBC}") = "UniSchedule.Schedule.Services", "src\Schedule\Domain\UniSchedule.Schedule.Services\UniSchedule.Schedule.Services.csproj", "{2CBA5392-C3F0-40E9-96ED-E8AD68E77357}"
EndProject
Project("{FAE04EC0-301F-11D3-BF4B-00C04F79EFBC}") = "UniSchedule.Entities", "src\Shared\UniSchedule.Entities\UniSchedule.Entities.csproj", "{7649957F-C4C4-49FA-B66E-807678C53268}"
EndProject
Project("{FAE04EC0-301F-11D3-BF4B-00C04F79EFBC}") = "UniSchedule.Messaging", "src\Shared\UniSchedule.Messaging\UniSchedule.Messaging.csproj", "{98EC37F4-9C82-476C-BDC7-454B75C4FDA6}"
EndProject
Global
	GlobalSection(SolutionConfigurationPlatforms) = preSolution
		Debug|Any CPU = Debug|Any CPU
		Release|Any CPU = Release|Any CPU
	EndGlobalSection
	GlobalSection(ProjectConfigurationPlatforms) = postSolution
		{F1D7D616-E3C5-40A2-B148-DECEF968D384}.Debug|Any CPU.ActiveCfg = Debug|Any CPU
		{F1D7D616-E3C5-40A2-B148-DECEF968D384}.Debug|Any CPU.Build.0 = Debug|Any CPU
		{F1D7D616-E3C5-40A2-B148-DECEF968D384}.Release|Any CPU.ActiveCfg = Release|Any CPU
		{F1D7D616-E3C5-40A2-B148-DECEF968D384}.Release|Any CPU.Build.0 = Release|Any CPU
		{00996570-C359-4AA6-8E70-0D5B606DB1B1}.Debug|Any CPU.ActiveCfg = Debug|Any CPU
		{00996570-C359-4AA6-8E70-0D5B606DB1B1}.Debug|Any CPU.Build.0 = Debug|Any CPU
		{00996570-C359-4AA6-8E70-0D5B606DB1B1}.Release|Any CPU.ActiveCfg = Release|Any CPU
		{00996570-C359-4AA6-8E70-0D5B606DB1B1}.Release|Any CPU.Build.0 = Release|Any CPU
		{14564B35-40D7-4163-ACD6-579133E58020}.Debug|Any CPU.ActiveCfg = Debug|Any CPU
		{14564B35-40D7-4163-ACD6-579133E58020}.Debug|Any CPU.Build.0 = Debug|Any CPU
		{14564B35-40D7-4163-ACD6-579133E58020}.Release|Any CPU.ActiveCfg = Release|Any CPU
		{14564B35-40D7-4163-ACD6-579133E58020}.Release|Any CPU.Build.0 = Release|Any CPU
		{7C5A21E4-DBF2-4F1B-8C4B-0D776BDF2961}.Debug|Any CPU.ActiveCfg = Debug|Any CPU
		{7C5A21E4-DBF2-4F1B-8C4B-0D776BDF2961}.Debug|Any CPU.Build.0 = Debug|Any CPU
		{7C5A21E4-DBF2-4F1B-8C4B-0D776BDF2961}.Release|Any CPU.ActiveCfg = Release|Any CPU
		{7C5A21E4-DBF2-4F1B-8C4B-0D776BDF2961}.Release|Any CPU.Build.0 = Release|Any CPU
		{EE3F2E08-FD35-4801-B573-ADDFB70FF719}.Debug|Any CPU.ActiveCfg = Debug|Any CPU
		{EE3F2E08-FD35-4801-B573-ADDFB70FF719}.Debug|Any CPU.Build.0 = Debug|Any CPU
		{EE3F2E08-FD35-4801-B573-ADDFB70FF719}.Release|Any CPU.ActiveCfg = Release|Any CPU
		{EE3F2E08-FD35-4801-B573-ADDFB70FF719}.Release|Any CPU.Build.0 = Release|Any CPU
		{C2FD7E0C-3CAF-4C7A-A446-F17C0841090B}.Debug|Any CPU.ActiveCfg = Debug|Any CPU
		{C2FD7E0C-3CAF-4C7A-A446-F17C0841090B}.Debug|Any CPU.Build.0 = Debug|Any CPU
		{C2FD7E0C-3CAF-4C7A-A446-F17C0841090B}.Release|Any CPU.ActiveCfg = Release|Any CPU
		{C2FD7E0C-3CAF-4C7A-A446-F17C0841090B}.Release|Any CPU.Build.0 = Release|Any CPU
		{6FE37B3D-5686-4CA1-9AF4-16659C79D9B6}.Debug|Any CPU.ActiveCfg = Debug|Any CPU
		{6FE37B3D-5686-4CA1-9AF4-16659C79D9B6}.Debug|Any CPU.Build.0 = Debug|Any CPU
		{6FE37B3D-5686-4CA1-9AF4-16659C79D9B6}.Release|Any CPU.ActiveCfg = Release|Any CPU
		{6FE37B3D-5686-4CA1-9AF4-16659C79D9B6}.Release|Any CPU.Build.0 = Release|Any CPU
		{EEB1B17F-F47C-4311-8793-70E346B52C7E}.Debug|Any CPU.ActiveCfg = Debug|Any CPU
		{EEB1B17F-F47C-4311-8793-70E346B52C7E}.Debug|Any CPU.Build.0 = Debug|Any CPU
		{EEB1B17F-F47C-4311-8793-70E346B52C7E}.Release|Any CPU.ActiveCfg = Release|Any CPU
		{EEB1B17F-F47C-4311-8793-70E346B52C7E}.Release|Any CPU.Build.0 = Release|Any CPU
		{53B46B89-BD2B-4FFD-8EA7-A0679E48737F}.Debug|Any CPU.ActiveCfg = Debug|Any CPU
		{53B46B89-BD2B-4FFD-8EA7-A0679E48737F}.Debug|Any CPU.Build.0 = Debug|Any CPU
		{53B46B89-BD2B-4FFD-8EA7-A0679E48737F}.Release|Any CPU.ActiveCfg = Release|Any CPU
		{53B46B89-BD2B-4FFD-8EA7-A0679E48737F}.Release|Any CPU.Build.0 = Release|Any CPU
		{EE54BF96-533F-42F1-9351-8864DFD77DE2}.Debug|Any CPU.ActiveCfg = Debug|Any CPU
		{EE54BF96-533F-42F1-9351-8864DFD77DE2}.Debug|Any CPU.Build.0 = Debug|Any CPU
		{EE54BF96-533F-42F1-9351-8864DFD77DE2}.Release|Any CPU.ActiveCfg = Release|Any CPU
		{EE54BF96-533F-42F1-9351-8864DFD77DE2}.Release|Any CPU.Build.0 = Release|Any CPU
		{CB164E2B-0C3A-49CD-8336-27204D180052}.Debug|Any CPU.ActiveCfg = Debug|Any CPU
		{CB164E2B-0C3A-49CD-8336-27204D180052}.Debug|Any CPU.Build.0 = Debug|Any CPU
		{CB164E2B-0C3A-49CD-8336-27204D180052}.Release|Any CPU.ActiveCfg = Release|Any CPU
		{CB164E2B-0C3A-49CD-8336-27204D180052}.Release|Any CPU.Build.0 = Release|Any CPU
		{712AAD89-B7DA-4B53-A427-73AB6A6AD7E5}.Debug|Any CPU.ActiveCfg = Debug|Any CPU
		{712AAD89-B7DA-4B53-A427-73AB6A6AD7E5}.Debug|Any CPU.Build.0 = Debug|Any CPU
		{712AAD89-B7DA-4B53-A427-73AB6A6AD7E5}.Release|Any CPU.ActiveCfg = Release|Any CPU
		{712AAD89-B7DA-4B53-A427-73AB6A6AD7E5}.Release|Any CPU.Build.0 = Release|Any CPU
		{6BBFA0B8-587A-4B85-947A-A2F9A8E917F5}.Debug|Any CPU.ActiveCfg = Debug|Any CPU
		{6BBFA0B8-587A-4B85-947A-A2F9A8E917F5}.Debug|Any CPU.Build.0 = Debug|Any CPU
		{6BBFA0B8-587A-4B85-947A-A2F9A8E917F5}.Release|Any CPU.ActiveCfg = Release|Any CPU
		{6BBFA0B8-587A-4B85-947A-A2F9A8E917F5}.Release|Any CPU.Build.0 = Release|Any CPU
		{1C05531E-CE69-4B23-A005-C93F8BFB0E56}.Debug|Any CPU.ActiveCfg = Debug|Any CPU
		{1C05531E-CE69-4B23-A005-C93F8BFB0E56}.Debug|Any CPU.Build.0 = Debug|Any CPU
		{1C05531E-CE69-4B23-A005-C93F8BFB0E56}.Release|Any CPU.ActiveCfg = Release|Any CPU
		{1C05531E-CE69-4B23-A005-C93F8BFB0E56}.Release|Any CPU.Build.0 = Release|Any CPU
		{0CEA0499-D98B-4841-8BEB-31A53177289B}.Debug|Any CPU.ActiveCfg = Debug|Any CPU
		{0CEA0499-D98B-4841-8BEB-31A53177289B}.Debug|Any CPU.Build.0 = Debug|Any CPU
		{0CEA0499-D98B-4841-8BEB-31A53177289B}.Release|Any CPU.ActiveCfg = Release|Any CPU
		{0CEA0499-D98B-4841-8BEB-31A53177289B}.Release|Any CPU.Build.0 = Release|Any CPU
		{CA6123ED-9B4B-41D8-BC72-A57FAD073756}.Debug|Any CPU.ActiveCfg = Debug|Any CPU
		{CA6123ED-9B4B-41D8-BC72-A57FAD073756}.Debug|Any CPU.Build.0 = Debug|Any CPU
		{CA6123ED-9B4B-41D8-BC72-A57FAD073756}.Release|Any CPU.ActiveCfg = Release|Any CPU
		{CA6123ED-9B4B-41D8-BC72-A57FAD073756}.Release|Any CPU.Build.0 = Release|Any CPU
		{28ADFF02-08DC-44E7-95BD-B3C583A66996}.Debug|Any CPU.ActiveCfg = Debug|Any CPU
		{28ADFF02-08DC-44E7-95BD-B3C583A66996}.Debug|Any CPU.Build.0 = Debug|Any CPU
		{28ADFF02-08DC-44E7-95BD-B3C583A66996}.Release|Any CPU.ActiveCfg = Release|Any CPU
		{28ADFF02-08DC-44E7-95BD-B3C583A66996}.Release|Any CPU.Build.0 = Release|Any CPU
		{C08B3FFB-55A0-402A-946E-F7A801614B2A}.Debug|Any CPU.ActiveCfg = Debug|Any CPU
		{C08B3FFB-55A0-402A-946E-F7A801614B2A}.Debug|Any CPU.Build.0 = Debug|Any CPU
		{C08B3FFB-55A0-402A-946E-F7A801614B2A}.Release|Any CPU.ActiveCfg = Release|Any CPU
		{C08B3FFB-55A0-402A-946E-F7A801614B2A}.Release|Any CPU.Build.0 = Release|Any CPU
		{81F0E939-BC00-4FD0-A69C-D2B41FF709BA}.Debug|Any CPU.ActiveCfg = Debug|Any CPU
		{81F0E939-BC00-4FD0-A69C-D2B41FF709BA}.Debug|Any CPU.Build.0 = Debug|Any CPU
		{81F0E939-BC00-4FD0-A69C-D2B41FF709BA}.Release|Any CPU.ActiveCfg = Release|Any CPU
		{81F0E939-BC00-4FD0-A69C-D2B41FF709BA}.Release|Any CPU.Build.0 = Release|Any CPU
		{DCB99BBB-3551-431E-A7C3-B05619435196}.Debug|Any CPU.ActiveCfg = Debug|Any CPU
		{DCB99BBB-3551-431E-A7C3-B05619435196}.Debug|Any CPU.Build.0 = Debug|Any CPU
		{DCB99BBB-3551-431E-A7C3-B05619435196}.Release|Any CPU.ActiveCfg = Release|Any CPU
		{DCB99BBB-3551-431E-A7C3-B05619435196}.Release|Any CPU.Build.0 = Release|Any CPU
		{0D66F416-813D-4C89-8193-A690027ED52F}.Debug|Any CPU.ActiveCfg = Debug|Any CPU
		{0D66F416-813D-4C89-8193-A690027ED52F}.Debug|Any CPU.Build.0 = Debug|Any CPU
		{0D66F416-813D-4C89-8193-A690027ED52F}.Release|Any CPU.ActiveCfg = Release|Any CPU
		{0D66F416-813D-4C89-8193-A690027ED52F}.Release|Any CPU.Build.0 = Release|Any CPU
		{A7807E5E-00B1-43AB-8FBD-236823C0A7D9}.Debug|Any CPU.ActiveCfg = Debug|Any CPU
		{A7807E5E-00B1-43AB-8FBD-236823C0A7D9}.Debug|Any CPU.Build.0 = Debug|Any CPU
		{A7807E5E-00B1-43AB-8FBD-236823C0A7D9}.Release|Any CPU.ActiveCfg = Release|Any CPU
		{A7807E5E-00B1-43AB-8FBD-236823C0A7D9}.Release|Any CPU.Build.0 = Release|Any CPU
		{097E2C07-94BD-4989-BDE9-87DF66F5BE8B}.Debug|Any CPU.ActiveCfg = Debug|Any CPU
		{097E2C07-94BD-4989-BDE9-87DF66F5BE8B}.Debug|Any CPU.Build.0 = Debug|Any CPU
		{097E2C07-94BD-4989-BDE9-87DF66F5BE8B}.Release|Any CPU.ActiveCfg = Release|Any CPU
		{097E2C07-94BD-4989-BDE9-87DF66F5BE8B}.Release|Any CPU.Build.0 = Release|Any CPU
		{904CC908-7178-449B-8F25-E06010D6B28A}.Debug|Any CPU.ActiveCfg = Debug|Any CPU
		{904CC908-7178-449B-8F25-E06010D6B28A}.Debug|Any CPU.Build.0 = Debug|Any CPU
		{904CC908-7178-449B-8F25-E06010D6B28A}.Release|Any CPU.ActiveCfg = Release|Any CPU
		{904CC908-7178-449B-8F25-E06010D6B28A}.Release|Any CPU.Build.0 = Release|Any CPU
		{340F3317-AC9A-4DF1-841E-C1E1ECED4AB4}.Debug|Any CPU.ActiveCfg = Debug|Any CPU
		{340F3317-AC9A-4DF1-841E-C1E1ECED4AB4}.Debug|Any CPU.Build.0 = Debug|Any CPU
		{340F3317-AC9A-4DF1-841E-C1E1ECED4AB4}.Release|Any CPU.ActiveCfg = Release|Any CPU
		{340F3317-AC9A-4DF1-841E-C1E1ECED4AB4}.Release|Any CPU.Build.0 = Release|Any CPU
		{EE715C90-3EA5-4271-86FE-27EDB3AF5051}.Debug|Any CPU.ActiveCfg = Debug|Any CPU
		{EE715C90-3EA5-4271-86FE-27EDB3AF5051}.Debug|Any CPU.Build.0 = Debug|Any CPU
		{EE715C90-3EA5-4271-86FE-27EDB3AF5051}.Release|Any CPU.ActiveCfg = Release|Any CPU
		{EE715C90-3EA5-4271-86FE-27EDB3AF5051}.Release|Any CPU.Build.0 = Release|Any CPU
		{C48D03DE-FA4D-41F7-BE82-93424BC04A3F}.Debug|Any CPU.ActiveCfg = Debug|Any CPU
		{C48D03DE-FA4D-41F7-BE82-93424BC04A3F}.Debug|Any CPU.Build.0 = Debug|Any CPU
		{C48D03DE-FA4D-41F7-BE82-93424BC04A3F}.Release|Any CPU.ActiveCfg = Release|Any CPU
		{C48D03DE-FA4D-41F7-BE82-93424BC04A3F}.Release|Any CPU.Build.0 = Release|Any CPU
		{7A9A0D12-D3A2-4D11-BD95-2651C8C33FD5}.Debug|Any CPU.ActiveCfg = Debug|Any CPU
		{7A9A0D12-D3A2-4D11-BD95-2651C8C33FD5}.Debug|Any CPU.Build.0 = Debug|Any CPU
		{7A9A0D12-D3A2-4D11-BD95-2651C8C33FD5}.Release|Any CPU.ActiveCfg = Release|Any CPU
		{7A9A0D12-D3A2-4D11-BD95-2651C8C33FD5}.Release|Any CPU.Build.0 = Release|Any CPU
		{E507BB0E-AD46-4B9A-9D5D-B35F7C9098C8}.Debug|Any CPU.ActiveCfg = Debug|Any CPU
		{E507BB0E-AD46-4B9A-9D5D-B35F7C9098C8}.Debug|Any CPU.Build.0 = Debug|Any CPU
		{E507BB0E-AD46-4B9A-9D5D-B35F7C9098C8}.Release|Any CPU.ActiveCfg = Release|Any CPU
		{E507BB0E-AD46-4B9A-9D5D-B35F7C9098C8}.Release|Any CPU.Build.0 = Release|Any CPU
		{0746C9A9-1600-40DB-9EB5-19CC34763D88}.Debug|Any CPU.ActiveCfg = Debug|Any CPU
		{0746C9A9-1600-40DB-9EB5-19CC34763D88}.Debug|Any CPU.Build.0 = Debug|Any CPU
		{0746C9A9-1600-40DB-9EB5-19CC34763D88}.Release|Any CPU.ActiveCfg = Release|Any CPU
		{0746C9A9-1600-40DB-9EB5-19CC34763D88}.Release|Any CPU.Build.0 = Release|Any CPU
		{E818C072-A479-4876-B667-158DE1C44B35}.Debug|Any CPU.ActiveCfg = Debug|Any CPU
		{E818C072-A479-4876-B667-158DE1C44B35}.Debug|Any CPU.Build.0 = Debug|Any CPU
		{E818C072-A479-4876-B667-158DE1C44B35}.Release|Any CPU.ActiveCfg = Release|Any CPU
		{E818C072-A479-4876-B667-158DE1C44B35}.Release|Any CPU.Build.0 = Release|Any CPU
		{307674F0-2A2F-4977-9302-F1FC6A75A141}.Debug|Any CPU.ActiveCfg = Debug|Any CPU
		{307674F0-2A2F-4977-9302-F1FC6A75A141}.Debug|Any CPU.Build.0 = Debug|Any CPU
		{307674F0-2A2F-4977-9302-F1FC6A75A141}.Release|Any CPU.ActiveCfg = Release|Any CPU
		{307674F0-2A2F-4977-9302-F1FC6A75A141}.Release|Any CPU.Build.0 = Release|Any CPU
		{2CBA5392-C3F0-40E9-96ED-E8AD68E77357}.Debug|Any CPU.ActiveCfg = Debug|Any CPU
		{2CBA5392-C3F0-40E9-96ED-E8AD68E77357}.Debug|Any CPU.Build.0 = Debug|Any CPU
		{2CBA5392-C3F0-40E9-96ED-E8AD68E77357}.Release|Any CPU.ActiveCfg = Release|Any CPU
		{2CBA5392-C3F0-40E9-96ED-E8AD68E77357}.Release|Any CPU.Build.0 = Release|Any CPU
		{7649957F-C4C4-49FA-B66E-807678C53268}.Debug|Any CPU.ActiveCfg = Debug|Any CPU
		{7649957F-C4C4-49FA-B66E-807678C53268}.Debug|Any CPU.Build.0 = Debug|Any CPU
		{7649957F-C4C4-49FA-B66E-807678C53268}.Release|Any CPU.ActiveCfg = Release|Any CPU
		{7649957F-C4C4-49FA-B66E-807678C53268}.Release|Any CPU.Build.0 = Release|Any CPU
		{98EC37F4-9C82-476C-BDC7-454B75C4FDA6}.Debug|Any CPU.ActiveCfg = Debug|Any CPU
		{98EC37F4-9C82-476C-BDC7-454B75C4FDA6}.Debug|Any CPU.Build.0 = Debug|Any CPU
		{98EC37F4-9C82-476C-BDC7-454B75C4FDA6}.Release|Any CPU.ActiveCfg = Release|Any CPU
		{98EC37F4-9C82-476C-BDC7-454B75C4FDA6}.Release|Any CPU.Build.0 = Release|Any CPU
	EndGlobalSection
	GlobalSection(NestedProjects) = preSolution
		{00996570-C359-4AA6-8E70-0D5B606DB1B1} = {60700355-FEA6-4338-92F4-2D964ACFF249}
		{069ED875-7F0B-4D6D-B9C8-E81F55B6863D} = {86E4D8C9-F8B8-4690-A409-C889F10D4E44}
		{F1D7D616-E3C5-40A2-B148-DECEF968D384} = {069ED875-7F0B-4D6D-B9C8-E81F55B6863D}
		{8C637CAA-B4DE-4AFC-9474-11759FB25A1B} = {22C0B5A3-AB38-43A1-B4A9-D363AEDA1954}
		{BD40640E-7552-453B-9BE2-131E408557AA} = {22C0B5A3-AB38-43A1-B4A9-D363AEDA1954}
		{70753968-0FC9-4CF9-AAF9-532338485B47} = {86E4D8C9-F8B8-4690-A409-C889F10D4E44}
		{9E8BBEF7-62B3-47C9-B9E9-F6DD5AC95807} = {22C0B5A3-AB38-43A1-B4A9-D363AEDA1954}
		{84435F4D-C659-49E1-95BD-6DEF74E8FF66} = {86E4D8C9-F8B8-4690-A409-C889F10D4E44}
		{C061479E-9137-4DA8-A502-FBA55A7E6CBF} = {22C0B5A3-AB38-43A1-B4A9-D363AEDA1954}
		{493BA8FF-D52D-4EE7-824B-1FB8614C5C7E} = {86E4D8C9-F8B8-4690-A409-C889F10D4E44}
		{14564B35-40D7-4163-ACD6-579133E58020} = {8C637CAA-B4DE-4AFC-9474-11759FB25A1B}
		{7C5A21E4-DBF2-4F1B-8C4B-0D776BDF2961} = {BD40640E-7552-453B-9BE2-131E408557AA}
		{EE3F2E08-FD35-4801-B573-ADDFB70FF719} = {BD40640E-7552-453B-9BE2-131E408557AA}
		{C2FD7E0C-3CAF-4C7A-A446-F17C0841090B} = {9E8BBEF7-62B3-47C9-B9E9-F6DD5AC95807}
		{6FE37B3D-5686-4CA1-9AF4-16659C79D9B6} = {9E8BBEF7-62B3-47C9-B9E9-F6DD5AC95807}
		{EEB1B17F-F47C-4311-8793-70E346B52C7E} = {C061479E-9137-4DA8-A502-FBA55A7E6CBF}
		{53B46B89-BD2B-4FFD-8EA7-A0679E48737F} = {70753968-0FC9-4CF9-AAF9-532338485B47}
		{EE54BF96-533F-42F1-9351-8864DFD77DE2} = {70753968-0FC9-4CF9-AAF9-532338485B47}
		{CB164E2B-0C3A-49CD-8336-27204D180052} = {84435F4D-C659-49E1-95BD-6DEF74E8FF66}
		{712AAD89-B7DA-4B53-A427-73AB6A6AD7E5} = {84435F4D-C659-49E1-95BD-6DEF74E8FF66}
		{6BBFA0B8-587A-4B85-947A-A2F9A8E917F5} = {493BA8FF-D52D-4EE7-824B-1FB8614C5C7E}
		{1C05531E-CE69-4B23-A005-C93F8BFB0E56} = {60700355-FEA6-4338-92F4-2D964ACFF249}
		{96EEEC41-AA47-457E-B63E-BCF5B7DA4E3E} = {28107316-B0FA-45FD-B62C-6A7BDB53861A}
		{C6BCE01C-7550-4195-85CC-FD439AF169B8} = {96EEEC41-AA47-457E-B63E-BCF5B7DA4E3E}
		{0CEA0499-D98B-4841-8BEB-31A53177289B} = {60700355-FEA6-4338-92F4-2D964ACFF249}
		{CA6123ED-9B4B-41D8-BC72-A57FAD073756} = {60700355-FEA6-4338-92F4-2D964ACFF249}
		{28ADFF02-08DC-44E7-95BD-B3C583A66996} = {C061479E-9137-4DA8-A502-FBA55A7E6CBF}
		{C08B3FFB-55A0-402A-946E-F7A801614B2A} = {60700355-FEA6-4338-92F4-2D964ACFF249}
		{81F0E939-BC00-4FD0-A69C-D2B41FF709BA} = {60700355-FEA6-4338-92F4-2D964ACFF249}
		{DCB99BBB-3551-431E-A7C3-B05619435196} = {60700355-FEA6-4338-92F4-2D964ACFF249}
		{0D66F416-813D-4C89-8193-A690027ED52F} = {C061479E-9137-4DA8-A502-FBA55A7E6CBF}
		{A8D07949-91D7-43AD-B98E-31584A1544A8} = {75520B69-67E9-4934-B949-F2F911E7BB20}
		{A2625F8C-CA03-4C67-81E7-9320293F6C72} = {75520B69-67E9-4934-B949-F2F911E7BB20}
		{99BD3E5C-91D6-4DAC-9A7C-82D5D8BB7D7A} = {75520B69-67E9-4934-B949-F2F911E7BB20}
		{1E8017FC-F852-4896-BD5A-8001384FB827} = {75520B69-67E9-4934-B949-F2F911E7BB20}
		{A7807E5E-00B1-43AB-8FBD-236823C0A7D9} = {A8D07949-91D7-43AD-B98E-31584A1544A8}
		{097E2C07-94BD-4989-BDE9-87DF66F5BE8B} = {A2625F8C-CA03-4C67-81E7-9320293F6C72}
		{904CC908-7178-449B-8F25-E06010D6B28A} = {A2625F8C-CA03-4C67-81E7-9320293F6C72}
		{340F3317-AC9A-4DF1-841E-C1E1ECED4AB4} = {60700355-FEA6-4338-92F4-2D964ACFF249}
		{EE715C90-3EA5-4271-86FE-27EDB3AF5051} = {1E8017FC-F852-4896-BD5A-8001384FB827}
		{C48D03DE-FA4D-41F7-BE82-93424BC04A3F} = {99BD3E5C-91D6-4DAC-9A7C-82D5D8BB7D7A}
		{7A9A0D12-D3A2-4D11-BD95-2651C8C33FD5} = {60700355-FEA6-4338-92F4-2D964ACFF249}
		{E507BB0E-AD46-4B9A-9D5D-B35F7C9098C8} = {60700355-FEA6-4338-92F4-2D964ACFF249}
		{0746C9A9-1600-40DB-9EB5-19CC34763D88} = {9E8BBEF7-62B3-47C9-B9E9-F6DD5AC95807}
		{E818C072-A479-4876-B667-158DE1C44B35} = {BD40640E-7552-453B-9BE2-131E408557AA}
		{307674F0-2A2F-4977-9302-F1FC6A75A141} = {A2625F8C-CA03-4C67-81E7-9320293F6C72}
		{2CBA5392-C3F0-40E9-96ED-E8AD68E77357} = {84435F4D-C659-49E1-95BD-6DEF74E8FF66}
		{7649957F-C4C4-49FA-B66E-807678C53268} = {60700355-FEA6-4338-92F4-2D964ACFF249}
		{98EC37F4-9C82-476C-BDC7-454B75C4FDA6} = {60700355-FEA6-4338-92F4-2D964ACFF249}
	EndGlobalSection
EndGlobal
